
Microsoft Visual Studio Solution File, Format Version 12.00
# Visual Studio Version 17
VisualStudioVersion = 17.12.35323.107
MinimumVisualStudioVersion = 10.0.40219.1
Project("{FAE04EC0-301F-11D3-BF4B-00C04F79EFBC}") = "Sportify", "Sportify\Sportify.csproj", "{F2E6BF35-59B7-4E7E-92AA-56C46ABF03AC}"
EndProject
Global
	GlobalSection(SolutionConfigurationPlatforms) = preSolution
		Debug|Any CPU = Debug|Any CPU
		Release|Any CPU = Release|Any CPU
	EndGlobalSection
	GlobalSection(ProjectConfigurationPlatforms) = postSolution
		{F2E6BF35-59B7-4E7E-92AA-56C46ABF03AC}.Debug|Any CPU.ActiveCfg = Debug|Any CPU
		{F2E6BF35-59B7-4E7E-92AA-56C46ABF03AC}.Debug|Any CPU.Build.0 = Debug|Any CPU
		{F2E6BF35-59B7-4E7E-92AA-56C46ABF03AC}.Release|Any CPU.ActiveCfg = Release|Any CPU
		{F2E6BF35-59B7-4E7E-92AA-56C46ABF03AC}.Release|Any CPU.Build.0 = Release|Any CPU
	EndGlobalSection
	GlobalSection(SolutionProperties) = preSolution
		HideSolutionNode = FALSE
	EndGlobalSection
	GlobalSection(ExtensibilityGlobals) = postSolution
		SolutionGuid = {14259060-C802-4353-8486-43D7E0528FBE}
	EndGlobalSection
EndGlobal
